{
  "name": "@whiteknight-solana/abi",
  "version": "0.2.0",
  "lockfileVersion": 3,
  "requires": true,
  "packages": {
    "": {
      "name": "@whiteknight-solana/abi",
      "version": "0.2.0",
      "license": "MIT",
      "devDependencies": {
        "@whiteknight-solana/whiteknight": "github:WhiteKnight-Solana/whiteknight#c419b551e69c1798599461906691bd5cabd8307b"
      },
      "engines": {
        "node": ">=20"
      }
    },
    "node_modules/@whiteknight-solana/whiteknight": {
      "version": "0.0.0",
      "resolved": "git+ssh://git@github.com/WhiteKnight-Solana/whiteknight.git#c419b551e69c1798599461906691bd5cabd8307b",
      "integrity": "sha512-r7KixGiRgFAHqMLWyUnVsLsGEL51U1bDU8/uAR9Xxd4Caw+D7YjWWalsSaeqEoAWih4Lo9rXitxYIPQ+eHgj5A==",
      "dev": true
    }
  }
}
