{
  "name": "@whiteknight-solana/abi",
  "version": "0.2.0",
  "lockfileVersion": 3,
  "requires": true,
  "packages": {
    "": {
      "name": "@whiteknight-solana/abi",
      "version": "0.2.0",
      "license": "MIT",
      "devDependencies": {
        "@whiteknight-solana/whiteknight": "github:WhiteKnight-Solana/whiteknight#c334d8dd47f71c63ce5fdfe6ceb3d98699b58f85"
      },
      "engines": {
        "node": ">=20"
      }
    },
    "node_modules/@whiteknight-solana/whiteknight": {
      "version": "0.0.0",
      "resolved": "git+ssh://git@github.com/WhiteKnight-Solana/whiteknight.git#c334d8dd47f71c63ce5fdfe6ceb3d98699b58f85",
      "integrity": "sha512-BIOr9yrPHSyVEhhQPuxtLDuoVB/CBUoq2pVaDEoOouO4sQl4Z54cq46ZNGIy6WVPo56rhZBxG6mVJw5xzyD6AQ==",
      "dev": true
    }
  }
}
