{
  "name": "@whiteknight-solana/abi",
  "version": "0.2.0",
  "lockfileVersion": 3,
  "requires": true,
  "packages": {
    "": {
      "name": "@whiteknight-solana/abi",
      "version": "0.2.0",
      "license": "MIT",
      "devDependencies": {
        "@whiteknight-solana/whiteknight": "github:WhiteKnight-Solana/whiteknight#9c700486b1fd85c967b92ab03cd6cfc81eb9cb26"
      },
      "engines": {
        "node": ">=20"
      }
    },
    "node_modules/@whiteknight-solana/whiteknight": {
      "version": "0.0.0",
      "resolved": "git+ssh://git@github.com/WhiteKnight-Solana/whiteknight.git#9c700486b1fd85c967b92ab03cd6cfc81eb9cb26",
      "integrity": "sha512-6ERgaVFwQdypvRDI6f7PMpmeVoAiZOZENGM+wtnC8cZ8rkuVCtI4cqvCgHrmHlM91K0m3DGcW4DwfaTJ/fOffg==",
      "dev": true
    }
  }
}
